// !$*UTF8*$!
{
	archiveVersion = 1;
	classes = {
	};
	objectVersion = 46;
	objects = {

/* Begin PBXBuildFile section */
		CD5DA5621CE771A80088F18D /* main.m in Sources */ = {isa = PBXBuildFile; fileRef = CD5DA5611CE771A80088F18D /* main.m */; };
		CD5DA5651CE771A80088F18D /* AppDelegate.m in Sources */ = {isa = PBXBuildFile; fileRef = CD5DA5641CE771A80088F18D /* AppDelegate.m */; };
		CD5DA5681CE771A80088F18D /* MasterViewController.m in Sources */ = {isa = PBXBuildFile; fileRef = CD5DA5671CE771A80088F18D /* MasterViewController.m */; };
		CD5DA56B1CE771A80088F18D /* DetailViewController.m in Sources */ = {isa = PBXBuildFile; fileRef = CD5DA56A1CE771A80088F18D /* DetailViewController.m */; };
		CD5DA56E1CE771A80088F18D /* Main.storyboard in Resources */ = {isa = PBXBuildFile; fileRef = CD5DA56C1CE771A80088F18D /* Main.storyboard */; };
		CD5DA5701CE771A80088F18D /* Assets.xcassets in Resources */ = {isa = PBXBuildFile; fileRef = CD5DA56F1CE771A80088F18D /* Assets.xcassets */; };
		CD5DA5731CE771A80088F18D /* LaunchScreen.storyboard in Resources */ = {isa = PBXBuildFile; fileRef = CD5DA5711CE771A80088F18D /* LaunchScreen.storyboard */; };
		CD5DA57E1CE771A80088F18D /* PersianMusicTests.m in Sources */ = {isa = PBXBuildFile; fileRef = CD5DA57D1CE771A80088F18D /* PersianMusicTests.m */; };
		CD5DA5891CE771A80088F18D /* PersianMusicUITests.m in Sources */ = {isa = PBXBuildFile; fileRef = CD5DA5881CE771A80088F18D /* PersianMusicUITests.m */; };
		CD5DA5971CE77E1E0088F18D /* MediaPlayer.framework in Frameworks */ = {isa = PBXBuildFile; fileRef = CD5DA5961CE77E1E0088F18D /* MediaPlayer.framework */; };
		CD5DA5991CE7801E0088F18D /* AVFoundation.framework in Frameworks */ = {isa = PBXBuildFile; fileRef = CD5DA5981CE7801E0088F18D /* AVFoundation.framework */; };
		CD5DA59E1CE78E7B0088F18D /* MBProgressHUD.m in Sources */ = {isa = PBXBuildFile; fileRef = CD5DA59D1CE78E7B0088F18D /* MBProgressHUD.m */; };
/* End PBXBuildFile section */

/* Begin PBXContainerItemProxy section */
		CD5DA57A1CE771A80088F18D /* PBXContainerItemProxy */ = {
			isa = PBXContainerItemProxy;
			containerPortal = CD5DA5551CE771A70088F18D /* Project object */;
			proxyType = 1;
			remoteGlobalIDString = CD5DA55C1CE771A70088F18D;
			remoteInfo = PersianMusic;
		};
		CD5DA5851CE771A80088F18D /* PBXContainerItemProxy */ = {
			isa = PBXContainerItemProxy;
			containerPortal = CD5DA5551CE771A70088F18D /* Project object */;
			proxyType = 1;
			remoteGlobalIDString = CD5DA55C1CE771A70088F18D;
			remoteInfo = PersianMusic;
		};
/* End PBXContainerItemProxy section */

/* Begin PBXFileReference section */
		CD5DA55D1CE771A70088F18D /* PersianMusic.app */ = {isa = PBXFileReference; explicitFileType = wrapper.application; includeInIndex = 0; path = PersianMusic.app; sourceTree = BUILT_PRODUCTS_DIR; };
		CD5DA5611CE771A80088F18D /* main.m */ = {isa = PBXFileReference; lastKnownFileType = sourcecode.c.objc; path = main.m; sourceTree = "<group>"; };
		CD5DA5631CE771A80088F18D /* AppDelegate.h */ = {isa = PBXFileReference; lastKnownFileType = sourcecode.c.h; path = AppDelegate.h; sourceTree = "<group>"; };
		CD5DA5641CE771A80088F18D /* AppDelegate.m */ = {isa = PBXFileReference; lastKnownFileType = sourcecode.c.objc; path = AppDelegate.m; sourceTree = "<group>"; };
		CD5DA5661CE771A80088F18D /* MasterViewController.h */ = {isa = PBXFileReference; lastKnownFileType = sourcecode.c.h; path = MasterViewController.h; sourceTree = "<group>"; };
		CD5DA5671CE771A80088F18D /* MasterViewController.m */ = {isa = PBXFileReference; lastKnownFileType = sourcecode.c.objc; path = MasterViewController.m; sourceTree = "<group>"; };
		CD5DA5691CE771A80088F18D /* DetailViewController.h */ = {isa = PBXFileReference; lastKnownFileType = sourcecode.c.h; path = DetailViewController.h; sourceTree = "<group>"; };
		CD5DA56A1CE771A80088F18D /* DetailViewController.m */ = {isa = PBXFileReference; lastKnownFileType = sourcecode.c.objc; path = DetailViewController.m; sourceTree = "<group>"; };
		CD5DA56D1CE771A80088F18D /* Base */ = {isa = PBXFileReference; lastKnownFileType = file.storyboard; name = Base; path = Base.lproj/Main.storyboard; sourceTree = "<group>"; };
		CD5DA56F1CE771A80088F18D /* Assets.xcassets */ = {isa = PBXFileReference; lastKnownFileType = folder.assetcatalog; path = Assets.xcassets; sourceTree = "<group>"; };
		CD5DA5721CE771A80088F18D /* Base */ = {isa = PBXFileReference; lastKnownFileType = file.storyboard; name = Base; path = Base.lproj/LaunchScreen.storyboard; sourceTree = "<group>"; };
		CD5DA5741CE771A80088F18D /* Info.plist */ = {isa = PBXFileReference; lastKnownFileType = text.plist.xml; path = Info.plist; sourceTree = "<group>"; };
		CD5DA5791CE771A80088F18D /* PersianMusicTests.xctest */ = {isa = PBXFileReference; explicitFileType = wrapper.cfbundle; includeInIndex = 0; path = PersianMusicTests.xctest; sourceTree = BUILT_PRODUCTS_DIR; };
		CD5DA57D1CE771A80088F18D /* PersianMusicTests.m */ = {isa = PBXFileReference; lastKnownFileType = sourcecode.c.objc; path = PersianMusicTests.m; sourceTree = "<group>"; };
		CD5DA57F1CE771A80088F18D /* Info.plist */ = {isa = PBXFileReference; lastKnownFileType = text.plist.xml; path = Info.plist; sourceTree = "<group>"; };
		CD5DA5841CE771A80088F18D /* PersianMusicUITests.xctest */ = {isa = PBXFileReference; explicitFileType = wrapper.cfbundle; includeInIndex = 0; path = PersianMusicUITests.xctest; sourceTree = BUILT_PRODUCTS_DIR; };
		CD5DA5881CE771A80088F18D /* PersianMusicUITests.m */ = {isa = PBXFileReference; lastKnownFileType = sourcecode.c.objc; path = PersianMusicUITests.m; sourceTree = "<group>"; };
		CD5DA58A1CE771A80088F18D /* Info.plist */ = {isa = PBXFileReference; lastKnownFileType = text.plist.xml; path = Info.plist; sourceTree = "<group>"; };
		CD5DA5961CE77E1E0088F18D /* MediaPlayer.framework */ = {isa = PBXFileReference; lastKnownFileType = wrapper.framework; name = MediaPlayer.framework; path = System/Library/Frameworks/MediaPlayer.framework; sourceTree = SDKROOT; };
		CD5DA5981CE7801E0088F18D /* AVFoundation.framework */ = {isa = PBXFileReference; lastKnownFileType = wrapper.framework; name = AVFoundation.framework; path = System/Library/Frameworks/AVFoundation.framework; sourceTree = SDKROOT; };
		CD5DA59C1CE78E7B0088F18D /* MBProgressHUD.h */ = {isa = PBXFileReference; fileEncoding = 4; lastKnownFileType = sourcecode.c.h; path = MBProgressHUD.h; sourceTree = "<group>"; };
		CD5DA59D1CE78E7B0088F18D /* MBProgressHUD.m */ = {isa = PBXFileReference; fileEncoding = 4; lastKnownFileType = sourcecode.c.objc; path = MBProgressHUD.m; sourceTree = "<group>"; };
/* End PBXFileReference section */

/* Begin PBXFrameworksBuildPhase section */
		CD5DA55A1CE771A70088F18D /* Frameworks */ = {
			isa = PBXFrameworksBuildPhase;
			buildActionMask = 2147483647;
			files = (
				CD5DA5991CE7801E0088F18D /* AVFoundation.framework in Frameworks */,
				CD5DA5971CE77E1E0088F18D /* MediaPlayer.framework in Frameworks */,
			);
			runOnlyForDeploymentPostprocessing = 0;
		};
		CD5DA5761CE771A80088F18D /* Frameworks */ = {
			isa = PBXFrameworksBuildPhase;
			buildActionMask = 2147483647;
			files = (
			);
			runOnlyForDeploymentPostprocessing = 0;
		};
		CD5DA5811CE771A80088F18D /* Frameworks */ = {
			isa = PBXFrameworksBuildPhase;
			buildActionMask = 2147483647;
			files = (
			);
			runOnlyForDeploymentPostprocessing = 0;
		};
/* End PBXFrameworksBuildPhase section */

/* Begin PBXGroup section */
		CD5DA5541CE771A70088F18D = {
			isa = PBXGroup;
			children = (
				CD5DA5981CE7801E0088F18D /* AVFoundation.framework */,
				CD5DA5961CE77E1E0088F18D /* MediaPlayer.framework */,
				CD5DA55F1CE771A80088F18D /* PersianMusic */,
				CD5DA57C1CE771A80088F18D /* PersianMusicTests */,
				CD5DA5871CE771A80088F18D /* PersianMusicUITests */,
				CD5DA55E1CE771A70088F18D /* Products */,
			);
			sourceTree = "<group>";
		};
		CD5DA55E1CE771A70088F18D /* Products */ = {
			isa = PBXGroup;
			children = (
				CD5DA55D1CE771A70088F18D /* PersianMusic.app */,
				CD5DA5791CE771A80088F18D /* PersianMusicTests.xctest */,
				CD5DA5841CE771A80088F18D /* PersianMusicUITests.xctest */,
			);
			name = Products;
			sourceTree = "<group>";
		};
		CD5DA55F1CE771A80088F18D /* PersianMusic */ = {
			isa = PBXGroup;
			children = (
				CD5DA5631CE771A80088F18D /* AppDelegate.h */,
				CD5DA5641CE771A80088F18D /* AppDelegate.m */,
				CD5DA5661CE771A80088F18D /* MasterViewController.h */,
				CD5DA5671CE771A80088F18D /* MasterViewController.m */,
				CD5DA5691CE771A80088F18D /* DetailViewController.h */,
				CD5DA56A1CE771A80088F18D /* DetailViewController.m */,
				CD5DA59C1CE78E7B0088F18D /* MBProgressHUD.h */,
				CD5DA59D1CE78E7B0088F18D /* MBProgressHUD.m */,
				CD5DA56C1CE771A80088F18D /* Main.storyboard */,
				CD5DA56F1CE771A80088F18D /* Assets.xcassets */,
				CD5DA5711CE771A80088F18D /* LaunchScreen.storyboard */,
				CD5DA5741CE771A80088F18D /* Info.plist */,
				CD5DA5601CE771A80088F18D /* Supporting Files */,
			);
			path = PersianMusic;
			sourceTree = "<group>";
		};
		CD5DA5601CE771A80088F18D /* Supporting Files */ = {
			isa = PBXGroup;
			children = (
				CD5DA5611CE771A80088F18D /* main.m */,
			);
			name = "Supporting Files";
			sourceTree = "<group>";
		};
		CD5DA57C1CE771A80088F18D /* PersianMusicTests */ = {
			isa = PBXGroup;
			children = (
				CD5DA57D1CE771A80088F18D /* PersianMusicTests.m */,
				CD5DA57F1CE771A80088F18D /* Info.plist */,
			);
			path = PersianMusicTests;
			sourceTree = "<group>";
		};
		CD5DA5871CE771A80088F18D /* PersianMusicUITests */ = {
			isa = PBXGroup;
			children = (
				CD5DA5881CE771A80088F18D /* PersianMusicUITests.m */,
				CD5DA58A1CE771A80088F18D /* Info.plist */,
			);
			path = PersianMusicUITests;
			sourceTree = "<group>";
		};
/* End PBXGroup section */

/* Begin PBXNativeTarget section */
		CD5DA55C1CE771A70088F18D /* PersianMusic */ = {
			isa = PBXNativeTarget;
			buildConfigurationList = CD5DA58D1CE771A80088F18D /* Build configuration list for PBXNativeTarget "PersianMusic" */;
			buildPhases = (
				CD5DA5591CE771A70088F18D /* Sources */,
				CD5DA55A1CE771A70088F18D /* Frameworks */,
				CD5DA55B1CE771A70088F18D /* Resources */,
			);
			buildRules = (
			);
			dependencies = (
			);
			name = PersianMusic;
			productName = PersianMusic;
			productReference = CD5DA55D1CE771A70088F18D /* PersianMusic.app */;
			productType = "com.apple.product-type.application";
		};
		CD5DA5781CE771A80088F18D /* PersianMusicTests */ = {
			isa = PBXNativeTarget;
			buildConfigurationList = CD5DA5901CE771A80088F18D /* Build configuration list for PBXNativeTarget "PersianMusicTests" */;
			buildPhases = (
				CD5DA5751CE771A80088F18D /* Sources */,
				CD5DA5761CE771A80088F18D /* Frameworks */,
				CD5DA5771CE771A80088F18D /* Resources */,
			);
			buildRules = (
			);
			dependencies = (
				CD5DA57B1CE771A80088F18D /* PBXTargetDependency */,
			);
			name = PersianMusicTests;
			productName = PersianMusicTests;
			productReference = CD5DA5791CE771A80088F18D /* PersianMusicTests.xctest */;
			productType = "com.apple.product-type.bundle.unit-test";
		};
		CD5DA5831CE771A80088F18D /* PersianMusicUITests */ = {
			isa = PBXNativeTarget;
			buildConfigurationList = CD5DA5931CE771A80088F18D /* Build configuration list for PBXNativeTarget "PersianMusicUITests" */;
			buildPhases = (
				CD5DA5801CE771A80088F18D /* Sources */,
				CD5DA5811CE771A80088F18D /* Frameworks */,
				CD5DA5821CE771A80088F18D /* Resources */,
			);
			buildRules = (
			);
			dependencies = (
				CD5DA5861CE771A80088F18D /* PBXTargetDependency */,
			);
			name = PersianMusicUITests;
			productName = PersianMusicUITests;
			productReference = CD5DA5841CE771A80088F18D /* PersianMusicUITests.xctest */;
			productType = "com.apple.product-type.bundle.ui-testing";
		};
/* End PBXNativeTarget section */

/* Begin PBXProject section */
		CD5DA5551CE771A70088F18D /* Project object */ = {
			isa = PBXProject;
			attributes = {
				LastUpgradeCheck = 0730;
				ORGANIZATIONNAME = Emersad;
				TargetAttributes = {
					CD5DA55C1CE771A70088F18D = {
						CreatedOnToolsVersion = 7.3;
					};
					CD5DA5781CE771A80088F18D = {
						CreatedOnToolsVersion = 7.3;
						TestTargetID = CD5DA55C1CE771A70088F18D;
					};
					CD5DA5831CE771A80088F18D = {
						CreatedOnToolsVersion = 7.3;
						TestTargetID = CD5DA55C1CE771A70088F18D;
					};
				};
			};
			buildConfigurationList = CD5DA5581CE771A70088F18D /* Build configuration list for PBXProject "PersianMusic" */;
			compatibilityVersion = "Xcode 3.2";
			developmentRegion = English;
			hasScannedForEncodings = 0;
			knownRegions = (
				en,
				Base,
			);
			mainGroup = CD5DA5541CE771A70088F18D;
			productRefGroup = CD5DA55E1CE771A70088F18D /* Products */;
			projectDirPath = "";
			projectRoot = "";
			targets = (
				CD5DA55C1CE771A70088F18D /* PersianMusic */,
				CD5DA5781CE771A80088F18D /* PersianMusicTests */,
				CD5DA5831CE771A80088F18D /* PersianMusicUITests */,
			);
		};
/* End PBXProject section */

/* Begin PBXResourcesBuildPhase section */
		CD5DA55B1CE771A70088F18D /* Resources */ = {
			isa = PBXResourcesBuildPhase;
			buildActionMask = 2147483647;
			files = (
				CD5DA5731CE771A80088F18D /* LaunchScreen.storyboard in Resources */,
				CD5DA5701CE771A80088F18D /* Assets.xcassets in Resources */,
				CD5DA56E1CE771A80088F18D /* Main.storyboard in Resources */,
			);
			runOnlyForDeploymentPostprocessing = 0;
		};
		CD5DA5771CE771A80088F18D /* Resources */ = {
			isa = PBXResourcesBuildPhase;
			buildActionMask = 2147483647;
			files = (
			);
			runOnlyForDeploymentPostprocessing = 0;
		};
		CD5DA5821CE771A80088F18D /* Resources */ = {
			isa = PBXResourcesBuildPhase;
			buildActionMask = 2147483647;
			files = (
			);
			runOnlyForDeploymentPostprocessing = 0;
		};
/* End PBXResourcesBuildPhase section */

/* Begin PBXSourcesBuildPhase section */
		CD5DA5591CE771A70088F18D /* Sources */ = {
			isa = PBXSourcesBuildPhase;
			buildActionMask = 2147483647;
			files = (
				CD5DA5651CE771A80088F18D /* AppDelegate.m in Sources */,
				CD5DA5681CE771A80088F18D /* MasterViewController.m in Sources */,
				CD5DA59E1CE78E7B0088F18D /* MBProgressHUD.m in Sources */,
				CD5DA5621CE771A80088F18D /* main.m in Sources */,
				CD5DA56B1CE771A80088F18D /* DetailViewController.m in Sources */,
			);
			runOnlyForDeploymentPostprocessing = 0;
		};
		CD5DA5751CE771A80088F18D /* Sources */ = {
			isa = PBXSourcesBuildPhase;
			buildActionMask = 2147483647;
			files = (
				CD5DA57E1CE771A80088F18D /* PersianMusicTests.m in Sources */,
			);
			runOnlyForDeploymentPostprocessing = 0;
		};
		CD5DA5801CE771A80088F18D /* Sources */ = {
			isa = PBXSourcesBuildPhase;
			buildActionMask = 2147483647;
			files = (
				CD5DA5891CE771A80088F18D /* PersianMusicUITests.m in Sources */,
			);
			runOnlyForDeploymentPostprocessing = 0;
		};
/* End PBXSourcesBuildPhase section */

/* Begin PBXTargetDependency section */
		CD5DA57B1CE771A80088F18D /* PBXTargetDependency */ = {
			isa = PBXTargetDependency;
			target = CD5DA55C1CE771A70088F18D /* PersianMusic */;
			targetProxy = CD5DA57A1CE771A80088F18D /* PBXContainerItemProxy */;
		};
		CD5DA5861CE771A80088F18D /* PBXTargetDependency */ = {
			isa = PBXTargetDependency;
			target = CD5DA55C1CE771A70088F18D /* PersianMusic */;
			targetProxy = CD5DA5851CE771A80088F18D /* PBXContainerItemProxy */;
		};
/* End PBXTargetDependency section */

/* Begin PBXVariantGroup section */
		CD5DA56C1CE771A80088F18D /* Main.storyboard */ = {
			isa = PBXVariantGroup;
			children = (
				CD5DA56D1CE771A80088F18D /* Base */,
			);
			name = Main.storyboard;
			sourceTree = "<group>";
		};
		CD5DA5711CE771A80088F18D /* LaunchScreen.storyboard */ = {
			isa = PBXVariantGroup;
			children = (
				CD5DA5721CE771A80088F18D /* Base */,
			);
			name = LaunchScreen.storyboard;
			sourceTree = "<group>";
		};
/* End PBXVariantGroup section */

/* Begin XCBuildConfiguration section */
		CD5DA58B1CE771A80088F18D /* Debug */ = {
			isa = XCBuildConfiguration;
			buildSettings = {
				ALWAYS_SEARCH_USER_PATHS = NO;
				CLANG_ANALYZER_NONNULL = YES;
				CLANG_CXX_LANGUAGE_STANDARD = "gnu++0x";
				CLANG_CXX_LIBRARY = "libc++";
				CLANG_ENABLE_MODULES = YES;
				CLANG_ENABLE_OBJC_ARC = YES;
				CLANG_WARN_BOOL_CONVERSION = YES;
				CLANG_WARN_CONSTANT_CONVERSION = YES;
				CLANG_WARN_DIRECT_OBJC_ISA_USAGE = YES_ERROR;
				CLANG_WARN_EMPTY_BODY = YES;
				CLANG_WARN_ENUM_CONVERSION = YES;
				CLANG_WARN_INT_CONVERSION = YES;
				CLANG_WARN_OBJC_ROOT_CLASS = YES_ERROR;
				CLANG_WARN_UNREACHABLE_CODE = YES;
				CLANG_WARN__DUPLICATE_METHOD_MATCH = YES;
				"CODE_SIGN_IDENTITY[sdk=iphoneos*]" = "iPhone Developer";
				COPY_PHASE_STRIP = NO;
				DEBUG_INFORMATION_FORMAT = dwarf;
				ENABLE_STRICT_OBJC_MSGSEND = YES;
				ENABLE_TESTABILITY = YES;
				GCC_C_LANGUAGE_STANDARD = gnu99;
				GCC_DYNAMIC_NO_PIC = NO;
				GCC_NO_COMMON_BLOCKS = YES;
				GCC_OPTIMIZATION_LEVEL = 0;
				GCC_PREPROCESSOR_DEFINITIONS = (
					"DEBUG=1",
					"$(inherited)",
				);
				GCC_WARN_64_TO_32_BIT_CONVERSION = YES;
				GCC_WARN_ABOUT_RETURN_TYPE = YES_ERROR;
				GCC_WARN_UNDECLARED_SELECTOR = YES;
				GCC_WARN_UNINITIALIZED_AUTOS = YES_AGGRESSIVE;
				GCC_WARN_UNUSED_FUNCTION = YES;
				GCC_WARN_UNUSED_VARIABLE = YES;
				IPHONEOS_DEPLOYMENT_TARGET = 9.3;
				MTL_ENABLE_DEBUG_INFO = YES;
				ONLY_ACTIVE_ARCH = YES;
				SDKROOT = iphoneos;
			};
			name = Debug;
		};
		CD5DA58C1CE771A80088F18D /* Release */ = {
			isa = XCBuildConfiguration;
			buildSettings = {
				ALWAYS_SEARCH_USER_PATHS = NO;
				CLANG_ANALYZER_NONNULL = YES;
				CLANG_CXX_LANGUAGE_STANDARD = "gnu++0x";
				CLANG_CXX_LIBRARY = "libc++";
				CLANG_ENABLE_MODULES = YES;
				CLANG_ENABLE_OBJC_ARC = YES;
				CLANG_WARN_BOOL_CONVERSION = YES;
				CLANG_WARN_CONSTANT_CONVERSION = YES;
				CLANG_WARN_DIRECT_OBJC_ISA_USAGE = YES_ERROR;
				CLANG_WARN_EMPTY_BODY = YES;
				CLANG_WARN_ENUM_CONVERSION = YES;
				CLANG_WARN_INT_CONVERSION = YES;
				CLANG_WARN_OBJC_ROOT_CLASS = YES_ERROR;
				CLANG_WARN_UNREACHABLE_CODE = YES;
				CLANG_WARN__DUPLICATE_METHOD_MATCH = YES;
				"CODE_SIGN_IDENTITY[sdk=iphoneos*]" = "iPhone Developer";
				COPY_PHASE_STRIP = NO;
				DEBUG_INFORMATION_FORMAT = "dwarf-with-dsym";
				ENABLE_NS_ASSERTIONS = NO;
				ENABLE_STRICT_OBJC_MSGSEND = YES;
				GCC_C_LANGUAGE_STANDARD = gnu99;
				GCC_NO_COMMON_BLOCKS = YES;
				GCC_WARN_64_TO_32_BIT_CONVERSION = YES;
				GCC_WARN_ABOUT_RETURN_TYPE = YES_ERROR;
				GCC_WARN_UNDECLARED_SELECTOR = YES;
				GCC_WARN_UNINITIALIZED_AUTOS = YES_AGGRESSIVE;
				GCC_WARN_UNUSED_FUNCTION = YES;
				GCC_WARN_UNUSED_VARIABLE = YES;
				IPHONEOS_DEPLOYMENT_TARGET = 9.3;
				MTL_ENABLE_DEBUG_INFO = NO;
				SDKROOT = iphoneos;
				VALIDATE_PRODUCT = YES;
			};
			name = Release;
		};
		CD5DA58E1CE771A80088F18D /* Debug */ = {
			isa = XCBuildConfiguration;
			buildSettings = {
				ASSETCATALOG_COMPILER_APPICON_NAME = AppIcon;
				INFOPLIST_FILE = PersianMusic/Info.plist;
				LD_RUNPATH_SEARCH_PATHS = "$(inherited) @executable_path/Frameworks";
				PRODUCT_BUNDLE_IDENTIFIER = net.emersad.PersianMusic;
				PRODUCT_NAME = "$(TARGET_NAME)";
			};
			name = Debug;
		};
		CD5DA58F1CE771A80088F18D /* Release */ = {
			isa = XCBuildConfiguration;
			buildSettings = {
				ASSETCATALOG_COMPILER_APPICON_NAME = AppIcon;
				INFOPLIST_FILE = PersianMusic/Info.plist;
				LD_RUNPATH_SEARCH_PATHS = "$(inherited) @executable_path/Frameworks";
				PRODUCT_BUNDLE_IDENTIFIER = net.emersad.PersianMusic;
				PRODUCT_NAME = "$(TARGET_NAME)";
			};
			name = Release;
		};
		CD5DA5911CE771A80088F18D /* Debug */ = {
			isa = XCBuildConfiguration;
			buildSettings = {
				BUNDLE_LOADER = "$(TEST_HOST)";
				INFOPLIST_FILE = PersianMusicTests/Info.plist;
				LD_RUNPATH_SEARCH_PATHS = "$(inherited) @executable_path/Frameworks @loader_path/Frameworks";
				PRODUCT_BUNDLE_IDENTIFIER = net.emersad.PersianMusicTests;
				PRODUCT_NAME = "$(TARGET_NAME)";
				TEST_HOST = "$(BUILT_PRODUCTS_DIR)/PersianMusic.app/PersianMusic";
			};
			name = Debug;
		};
		CD5DA5921CE771A80088F18D /* Release */ = {
			isa = XCBuildConfiguration;
			buildSettings = {
				BUNDLE_LOADER = "$(TEST_HOST)";
				INFOPLIST_FILE = PersianMusicTests/Info.plist;
				LD_RUNPATH_SEARCH_PATHS = "$(inherited) @executable_path/Frameworks @loader_path/Frameworks";
				PRODUCT_BUNDLE_IDENTIFIER = net.emersad.PersianMusicTests;
				PRODUCT_NAME = "$(TARGET_NAME)";
				TEST_HOST = "$(BUILT_PRODUCTS_DIR)/PersianMusic.app/PersianMusic";
			};
			name = Release;
		};
		CD5DA5941CE771A80088F18D /* Debug */ = {
			isa = XCBuildConfiguration;
			buildSettings = {
				INFOPLIST_FILE = PersianMusicUITests/Info.plist;
				LD_RUNPATH_SEARCH_PATHS = "$(inherited) @executable_path/Frameworks @loader_path/Frameworks";
				PRODUCT_BUNDLE_IDENTIFIER = net.emersad.PersianMusicUITests;
				PRODUCT_NAME = "$(TARGET_NAME)";
				TEST_TARGET_NAME = PersianMusic;
			};
			name = Debug;
		};
		CD5DA5951CE771A80088F18D /* Release */ = {
			isa = XCBuildConfiguration;
			buildSettings = {
				INFOPLIST_FILE = PersianMusicUITests/Info.plist;
				LD_RUNPATH_SEARCH_PATHS = "$(inherited) @executable_path/Frameworks @loader_path/Frameworks";
				PRODUCT_BUNDLE_IDENTIFIER = net.emersad.PersianMusicUITests;
				PRODUCT_NAME = "$(TARGET_NAME)";
				TEST_TARGET_NAME = PersianMusic;
			};
			name = Release;
		};
/* End XCBuildConfiguration section */

/* Begin XCConfigurationList section */
		CD5DA5581CE771A70088F18D /* Build configuration list for PBXProject "PersianMusic" */ = {
			isa = XCConfigurationList;
			buildConfigurations = (
				CD5DA58B1CE771A80088F18D /* Debug */,
				CD5DA58C1CE771A80088F18D /* Release */,
			);
			defaultConfigurationIsVisible = 0;
			defaultConfigurationName = Release;
		};
		CD5DA58D1CE771A80088F18D /* Build configuration list for PBXNativeTarget "PersianMusic" */ = {
			isa = XCConfigurationList;
			buildConfigurations = (
				CD5DA58E1CE771A80088F18D /* Debug */,
				CD5DA58F1CE771A80088F18D /* Release */,
			);
			defaultConfigurationIsVisible = 0;
		};
		CD5DA5901CE771A80088F18D /* Build configuration list for PBXNativeTarget "PersianMusicTests" */ = {
			isa = XCConfigurationList;
			buildConfigurations = (
				CD5DA5911CE771A80088F18D /* Debug */,
				CD5DA5921CE771A80088F18D /* Release */,
			);
			defaultConfigurationIsVisible = 0;
		};
		CD5DA5931CE771A80088F18D /* Build configuration list for PBXNativeTarget "PersianMusicUITests" */ = {
			isa = XCConfigurationList;
			buildConfigurations = (
				CD5DA5941CE771A80088F18D /* Debug */,
				CD5DA5951CE771A80088F18D /* Release */,
			);
			defaultConfigurationIsVisible = 0;
		};
/* End XCConfigurationList section */
	};
	rootObject = CD5DA5551CE771A70088F18D /* Project object */;
}
